{
  "object": {
    "pins": [
      {
        "package": "FowlerNollVo",
        "repositoryURL": "https://github.com/crichez/swift-fowler-noll-vo",
        "state": {
          "branch": null,
          "revision": "724812d3bb60cccfc7a67cb4b7830b1a6e68a4be",
          "version": "0.1.0"
        }
      }
    ]
  },
  "version": 1
}
